
Microsoft Visual Studio Solution File, Format Version 12.00
# Visual Studio Version 16
VisualStudioVersion = 16.0.31424.327
MinimumVisualStudioVersion = 10.0.40219.1
Project("{FAE04EC0-301F-11D3-BF4B-00C04F79EFBC}") = "ClientProxyForm-P5-115", "ClientProxyForm-P5-115\ClientProxyForm-P5-115.csproj", "{C7B34EF3-F93B-4981-A492-66CA2933091F}"
EndProject
Global
	GlobalSection(SolutionConfigurationPlatforms) = preSolution
		Debug|Any CPU = Debug|Any CPU
		Release|Any CPU = Release|Any CPU
	EndGlobalSection
	GlobalSection(ProjectConfigurationPlatforms) = postSolution
		{C7B34EF3-F93B-4981-A492-66CA2933091F}.Debug|Any CPU.ActiveCfg = Debug|Any CPU
		{C7B34EF3-F93B-4981-A492-66CA2933091F}.Debug|Any CPU.Build.0 = Debug|Any CPU
		{C7B34EF3-F93B-4981-A492-66CA2933091F}.Release|Any CPU.ActiveCfg = Release|Any CPU
		{C7B34EF3-F93B-4981-A492-66CA2933091F}.Release|Any CPU.Build.0 = Release|Any CPU
	EndGlobalSection
	GlobalSection(SolutionProperties) = preSolution
		HideSolutionNode = FALSE
	EndGlobalSection
	GlobalSection(ExtensibilityGlobals) = postSolution
		SolutionGuid = {E5E7580A-FBD0-4113-9FF9-9E4200084B6B}
	EndGlobalSection
EndGlobal
